
Microsoft Visual Studio Solution File, Format Version 12.00
Project("{FAE04EC0-301F-11D3-BF4B-00C04F79EFBC}") = "ej.1", "ej.1\ej.1.csproj", "{F992DF54-C64E-41B3-A6D8-65210DCD64E6}"
EndProject
Project("{FAE04EC0-301F-11D3-BF4B-00C04F79EFBC}") = "nave", "nave\nave.csproj", "{3E9A8732-6B63-4E16-B111-97E6CDB62750}"
EndProject
Project("{FAE04EC0-301F-11D3-BF4B-00C04F79EFBC}") = "codigo del profe dani", "codigo del profe dani\codigo del profe dani.csproj", "{1A742CD3-65B7-4F4C-9A5B-DB4B176879A6}"
EndProject
Project("{FAE04EC0-301F-11D3-BF4B-00C04F79EFBC}") = "tarea", "tarea\tarea.csproj", "{882DB5BF-7E94-4352-878B-3CCBE3EB22EE}"
EndProject
Global
	GlobalSection(SolutionConfigurationPlatforms) = preSolution
		Debug|Any CPU = Debug|Any CPU
		Release|Any CPU = Release|Any CPU
	EndGlobalSection
	GlobalSection(ProjectConfigurationPlatforms) = postSolution
		{F992DF54-C64E-41B3-A6D8-65210DCD64E6}.Debug|Any CPU.ActiveCfg = Debug|Any CPU
		{F992DF54-C64E-41B3-A6D8-65210DCD64E6}.Debug|Any CPU.Build.0 = Debug|Any CPU
		{F992DF54-C64E-41B3-A6D8-65210DCD64E6}.Release|Any CPU.ActiveCfg = Release|Any CPU
		{F992DF54-C64E-41B3-A6D8-65210DCD64E6}.Release|Any CPU.Build.0 = Release|Any CPU
		{3E9A8732-6B63-4E16-B111-97E6CDB62750}.Debug|Any CPU.ActiveCfg = Debug|Any CPU
		{3E9A8732-6B63-4E16-B111-97E6CDB62750}.Debug|Any CPU.Build.0 = Debug|Any CPU
		{3E9A8732-6B63-4E16-B111-97E6CDB62750}.Release|Any CPU.ActiveCfg = Release|Any CPU
		{3E9A8732-6B63-4E16-B111-97E6CDB62750}.Release|Any CPU.Build.0 = Release|Any CPU
		{1A742CD3-65B7-4F4C-9A5B-DB4B176879A6}.Debug|Any CPU.ActiveCfg = Debug|Any CPU
		{1A742CD3-65B7-4F4C-9A5B-DB4B176879A6}.Debug|Any CPU.Build.0 = Debug|Any CPU
		{1A742CD3-65B7-4F4C-9A5B-DB4B176879A6}.Release|Any CPU.ActiveCfg = Release|Any CPU
		{1A742CD3-65B7-4F4C-9A5B-DB4B176879A6}.Release|Any CPU.Build.0 = Release|Any CPU
		{882DB5BF-7E94-4352-878B-3CCBE3EB22EE}.Debug|Any CPU.ActiveCfg = Debug|Any CPU
		{882DB5BF-7E94-4352-878B-3CCBE3EB22EE}.Debug|Any CPU.Build.0 = Debug|Any CPU
		{882DB5BF-7E94-4352-878B-3CCBE3EB22EE}.Release|Any CPU.ActiveCfg = Release|Any CPU
		{882DB5BF-7E94-4352-878B-3CCBE3EB22EE}.Release|Any CPU.Build.0 = Release|Any CPU
	EndGlobalSection
EndGlobal
